
Microsoft Visual Studio Solution File, Format Version 12.00
# Visual Studio Version 17
VisualStudioVersion = 17.1.32113.165
MinimumVisualStudioVersion = 10.0.40219.1
Project("{9A19103F-16F7-4668-BE54-9A1E7A4F7556}") = "MKSS.Common", "MKSS.Common\MKSS.Common.csproj", "{18742AF9-1F6F-4B29-AF6F-46EE49B11CD8}"
EndProject
Project("{9A19103F-16F7-4668-BE54-9A1E7A4F7556}") = "MKSS.IRepository", "MKSS.IRepository\MKSS.IRepository.csproj", "{DD953FCB-7E6D-46E6-9E33-D23F8D488DE6}"
EndProject
Project("{9A19103F-16F7-4668-BE54-9A1E7A4F7556}") = "MKSS.Repository", "MKSS.Repository\MKSS.Repository.csproj", "{A3AAD84A-D5DB-46BF-90B8-C289F066D590}"
EndProject
Project("{9A19103F-16F7-4668-BE54-9A1E7A4F7556}") = "MKSS.ICommon", "MKSS.ICommon\MKSS.ICommon.csproj", "{7792DFDF-03F5-4017-9B35-25093E3C3A3F}"
EndProject
Project("{9A19103F-16F7-4668-BE54-9A1E7A4F7556}") = "MKSS.Util", "MKSS.Util\MKSS.Util.csproj", "{A1F0C96E-28BD-4FC4-8A21-97DBD394FEE4}"
EndProject
Project("{2150E333-8FDC-42A3-9474-1A3956D46DE8}") = "1服务层", "1服务层", "{C42C2C3B-83C7-46C8-8D31-68ED0FAEFFBE}"
EndProject
Project("{2150E333-8FDC-42A3-9474-1A3956D46DE8}") = "2仓储层", "2仓储层", "{E8905E3B-4D13-4147-9B83-F3AD095F1906}"
EndProject
Project("{2150E333-8FDC-42A3-9474-1A3956D46DE8}") = "0显示", "0显示", "{B2E93407-CB67-4B68-ABC4-7E324A890B48}"
EndProject
Project("{2150E333-8FDC-42A3-9474-1A3956D46DE8}") = "3公共接口", "3公共接口", "{C44FF661-268A-4A9A-A344-88BF2E2C67DF}"
EndProject
Project("{2150E333-8FDC-42A3-9474-1A3956D46DE8}") = "4设备通信组件", "4设备通信组件", "{3D90DDB0-9EB1-4E46-8374-8E99539F01F8}"
EndProject
Project("{9A19103F-16F7-4668-BE54-9A1E7A4F7556}") = "CircleProcessBar", "MKSS.CustomControl\CircleProcessBar\CircleProcessBar.csproj", "{1F20905F-8176-4189-9FAB-0806BE1D271B}"
EndProject
Project("{2150E333-8FDC-42A3-9474-1A3956D46DE8}") = "0自定义控件", "0自定义控件", "{94EFE7F8-3862-4860-9251-30D9FD17E6D9}"
EndProject
Project("{9A19103F-16F7-4668-BE54-9A1E7A4F7556}") = "TemperatureGuageControl", "MKSS.CustomControl\TemperatureGuageControl\TemperatureGuageControl.csproj", "{8CAB7870-5AE0-4F5B-B83E-ECF5BC84F106}"
EndProject
Project("{9A19103F-16F7-4668-BE54-9A1E7A4F7556}") = "MKSS.NModbus", "MKSS.NModbus\MKSS.NModbus.csproj", "{A1330A58-6C7F-4E0D-B3F1-34F192BFF355}"
EndProject
Project("{9A19103F-16F7-4668-BE54-9A1E7A4F7556}") = "MKSS.Service.LaoHua", "MKSS.Service.LaoHua\MKSS.Service.LaoHua.csproj", "{BD5927C5-9DDD-4947-AC94-6404AFCE5228}"
EndProject
Project("{9A19103F-16F7-4668-BE54-9A1E7A4F7556}") = "MKSS.APP.LaoHuaService", "MKSS.APP.LaoHuaService\MKSS.APP.LaoHuaService.csproj", "{BA050C24-03F6-46A3-9120-5D1B8DA982AF}"
EndProject
Project("{9A19103F-16F7-4668-BE54-9A1E7A4F7556}") = "MKSS.APP.BiaodingJIuJing", "MKSS.APP.BiaodingJIuJing\MKSS.APP.BiaodingJIuJing.csproj", "{B663E308-EF82-4611-AF94-0223595BADA3}"
EndProject
Project("{FAE04EC0-301F-11D3-BF4B-00C04F79EFBC}") = "MKSS.APP.BiaodingAlcohol", "MKSS.APP.BiaodingAlcohol\MKSS.APP.BiaodingAlcohol.csproj", "{982F05B2-D49F-49A9-B0F8-E738A6B9CFBA}"
EndProject
Project("{FAE04EC0-301F-11D3-BF4B-00C04F79EFBC}") = "MKSS.APP.BiaodingCommon", "MKSS.APP.BiaodingCommon\MKSS.APP.BiaodingCommon.csproj", "{AFBF29EB-041C-44EC-942E-C921F1B8FCA9}"
EndProject
Project("{9A19103F-16F7-4668-BE54-9A1E7A4F7556}") = "MKSS.APP.LaoHua", "MKSS.APP.LaoHua\MKSS.APP.LaoHua.csproj", "{94EE804F-44A3-4CF0-936C-45296AED6876}"
EndProject
Project("{9A19103F-16F7-4668-BE54-9A1E7A4F7556}") = "MKSS.APP.ZhuiSu", "MKSS.APP.ZhuiSu\MKSS.APP.ZhuiSu.csproj", "{402A8C7C-1029-4661-92E9-8BD806347837}"
EndProject
Project("{9A19103F-16F7-4668-BE54-9A1E7A4F7556}") = "MKSS.APP.ZhuiSuService", "MKSS.APP.ZhuiSuService\MKSS.APP.ZhuiSuService.csproj", "{9E724A4E-3F55-4000-9934-804FAB5769AD}"
EndProject
Project("{9A19103F-16F7-4668-BE54-9A1E7A4F7556}") = "MKSS.Service.ZhuiSu", "MKSS.Service.ZhuiSu\MKSS.Service.ZhuiSu.csproj", "{2EF6FFD2-076B-4A8E-AF6D-AB4BF012AB1A}"
EndProject
Project("{FAE04EC0-301F-11D3-BF4B-00C04F79EFBC}") = "MKSS.APP.ConfigTool", "MKSS.APP.ConfigTool\MKSS.APP.ConfigTool.csproj", "{F289D78F-8E23-4944-9F48-01E38E2463A1}"
EndProject
Project("{9A19103F-16F7-4668-BE54-9A1E7A4F7556}") = "MKSS.APP.ElectroChemical", "MKSS.APP.ElectroChemical\MKSS.APP.ElectroChemical.csproj", "{FA3E96A2-64E5-433E-9DF9-39749909983B}"
EndProject
Project("{9A19103F-16F7-4668-BE54-9A1E7A4F7556}") = "MKSS.Service.ElectroChemical", "MKSS.Service.ElectroChemical\MKSS.Service.ElectroChemical.csproj", "{6976E63D-36F3-4F85-97B4-A0BA33988A09}"
EndProject
Project("{FAE04EC0-301F-11D3-BF4B-00C04F79EFBC}") = "EggCounter", "EggCounter\EggCounter.csproj", "{AF00EA21-0F79-4416-A081-AD92F32B640F}"
EndProject
Project("{9A19103F-16F7-4668-BE54-9A1E7A4F7556}") = "MKSS.APP.SemiCatalysis", "MKSS.APP.SemiCatalysis\MKSS.APP.SemiCatalysis.csproj", "{3400D6E9-4CAD-494F-8DA4-2BFE7619432D}"
EndProject
Project("{9A19103F-16F7-4668-BE54-9A1E7A4F7556}") = "MKSS.Service.SemiCatalysis", "MKSS.Service.SemiCatalysis\MKSS.Service.SemiCatalysis.csproj", "{AE27DC41-82BB-4972-860D-2C2E2784190B}"
EndProject
Project("{9A19103F-16F7-4668-BE54-9A1E7A4F7556}") = "MKSS.APP.SemiTester", "MKSS.APP.SemiTester\MKSS.APP.SemiTester.csproj", "{CAB1D83C-44A4-4F67-9ECC-241026387BC1}"
EndProject
Project("{9A19103F-16F7-4668-BE54-9A1E7A4F7556}") = "MKSS.Service.SemiTester", "MKSS.Service.SemiTester\MKSS.Service.SemiTester.csproj", "{CEB3D99F-4012-499E-AF23-88E8BFAF7BA2}"
EndProject
Project("{9A19103F-16F7-4668-BE54-9A1E7A4F7556}") = "InteractiveDataDisplay.WPF", "InteractiveDataDisplay.WPF\InteractiveDataDisplay.WPF.csproj", "{4E1F77B9-604D-4850-B776-8D36B0FE3536}"
EndProject
Project("{9A19103F-16F7-4668-BE54-9A1E7A4F7556}") = "MKSS.APP.NBTester", "MKSS.APP.NBTester\MKSS.APP.NBTester.csproj", "{5FE3C8AC-CF8A-438A-BAAA-2743DBE6AB2C}"
EndProject
Project("{FAE04EC0-301F-11D3-BF4B-00C04F79EFBC}") = "MKSS.APP.WinNBTester", "MKSS.APP.WinNBTester\MKSS.APP.WinNBTester.csproj", "{82BE1A51-61CF-4E03-AA71-DCD1B5BD6C5F}"
EndProject
Project("{FAE04EC0-301F-11D3-BF4B-00C04F79EFBC}") = "MKSS.APP.Win4In1Tester", "MKSS.APP.Win4In1Tester\MKSS.APP.Win4In1Tester.csproj", "{32F937DE-74D0-45A5-B7CB-319D9168E4BA}"
EndProject
Project("{FAE04EC0-301F-11D3-BF4B-00C04F79EFBC}") = "MKSS.APP.ConfigToolMulti", "MKSS.APP.ConfigToolMulti\MKSS.APP.ConfigToolMulti.csproj", "{3AD317E1-DFEF-4B54-871E-F7E395BC97CA}"
EndProject
Project("{FAE04EC0-301F-11D3-BF4B-00C04F79EFBC}") = "MKSS.APP.HistoricRecordsReader", "MKSS.APP.HistoricRecordsReader\MKSS.APP.HistoricRecordsReader.csproj", "{BC366007-5810-498A-807C-249C4AF4E96D}"
EndProject
Project("{FAE04EC0-301F-11D3-BF4B-00C04F79EFBC}") = "MKSS.APP.WinSemiTester", "MKSS.APP.WinSemiTester\MKSS.APP.WinSemiTester.csproj", "{AB47AD22-4872-4A8C-875B-89A18A79C54D}"
EndProject
Project("{9A19103F-16F7-4668-BE54-9A1E7A4F7556}") = "MKSS.APP.LaoHuaElectroChemical", "MKSS.APP.LaoHuaElectroChemical\MKSS.APP.LaoHuaElectroChemical.csproj", "{F2DFB7F8-F8B3-4E95-8965-77385001D240}"
EndProject
Project("{9A19103F-16F7-4668-BE54-9A1E7A4F7556}") = "MKSS.Service.LaoHuaElectroChemical", "MKSS.Service.LaoHuaElectroChemical\MKSS.Service.LaoHuaElectroChemical.csproj", "{BE480696-BFBF-4FC0-BE50-133A0CA92D50}"
EndProject
Project("{9A19103F-16F7-4668-BE54-9A1E7A4F7556}") = "MKSS.APP.LaoHuaElectroChemicalService", "MKSS.APP.LaoHuaElectroChemicalService\MKSS.APP.LaoHuaElectroChemicalService.csproj", "{C79D2AD0-CB59-4776-B9A3-5B40C21FC6C3}"
EndProject
Project("{FAE04EC0-301F-11D3-BF4B-00C04F79EFBC}") = "MKSS.APP.MK102Reader", "MKSS.APP.MK102Reader\MKSS.APP.MK102Reader.csproj", "{556C580E-2B9D-44BE-BBF5-09A16C77CDA4}"
EndProject
Project("{9A19103F-16F7-4668-BE54-9A1E7A4F7556}") = "MKSS.APP.O2Tester", "MKSS.APP.O₂Tester\MKSS.APP.O2Tester.csproj", "{3881991D-9640-426B-936A-F8DC6E086F0A}"
EndProject
Project("{9A19103F-16F7-4668-BE54-9A1E7A4F7556}") = "MKSS.Service.O2Tester", "MKSS.Service.O₂Tester\MKSS.Service.O2Tester.csproj", "{A385A398-4EAF-422B-97B7-3F32E5ACC1DB}"
EndProject
Project("{9A19103F-16F7-4668-BE54-9A1E7A4F7556}") = "MKSS.APP.ECTester", "MKSS.APP.ECTester\MKSS.APP.ECTester.csproj", "{22373B41-21E9-4F88-A512-30D6BFFA546A}"
EndProject
Project("{9A19103F-16F7-4668-BE54-9A1E7A4F7556}") = "MKSS.Service.ECTester", "MKSS.Service.ECTester\MKSS.Service.ECTester.csproj", "{0CBBE85D-3880-48F6-9B17-F299AFE87ED4}"
EndProject
Project("{FAE04EC0-301F-11D3-BF4B-00C04F79EFBC}") = "MKSS.APP.WinNBOnlineTester", "MKSS.APP.WinNBOnlineTester\MKSS.APP.WinNBOnlineTester.csproj", "{1F018EB2-E958-4969-A482-004C40948A9E}"
EndProject
Project("{FAE04EC0-301F-11D3-BF4B-00C04F79EFBC}") = "MKSS.APP.WinNBOnlinePrinterTest", "MKSS.APP.WinNBOnlinePrinter\MKSS.APP.WinNBOnlinePrinterTest\MKSS.APP.WinNBOnlinePrinterTest.csproj", "{DF74E0E7-B061-403D-92AC-6904880ECCE3}"
EndProject
Project("{FAE04EC0-301F-11D3-BF4B-00C04F79EFBC}") = "MKSS.APP.Win4In1TesterV202203", "MKSS.APP.Win4In1TesterV202203\MKSS.APP.Win4In1TesterV202203.csproj", "{02549F21-65A1-49FB-AF4E-5DB8B019F454}"
EndProject
Project("{FAE04EC0-301F-11D3-BF4B-00C04F79EFBC}") = "MKSS.APP.LicenseTools", "MKSS.APP.LicenseTools\MKSS.APP.LicenseTools.csproj", "{37CD81C8-63F5-48D3-856C-A7A38C5857F8}"
EndProject
Global
	GlobalSection(SolutionConfigurationPlatforms) = preSolution
		Debug|Any CPU = Debug|Any CPU
		Debug|x64 = Debug|x64
		Debug|x86 = Debug|x86
		Release|Any CPU = Release|Any CPU
		Release|x64 = Release|x64
		Release|x86 = Release|x86
	EndGlobalSection
	GlobalSection(ProjectConfigurationPlatforms) = postSolution
		{18742AF9-1F6F-4B29-AF6F-46EE49B11CD8}.Debug|Any CPU.ActiveCfg = Debug|Any CPU
		{18742AF9-1F6F-4B29-AF6F-46EE49B11CD8}.Debug|Any CPU.Build.0 = Debug|Any CPU
		{18742AF9-1F6F-4B29-AF6F-46EE49B11CD8}.Debug|x64.ActiveCfg = Debug|x64
		{18742AF9-1F6F-4B29-AF6F-46EE49B11CD8}.Debug|x64.Build.0 = Debug|x64
		{18742AF9-1F6F-4B29-AF6F-46EE49B11CD8}.Debug|x86.ActiveCfg = Debug|Any CPU
		{18742AF9-1F6F-4B29-AF6F-46EE49B11CD8}.Debug|x86.Build.0 = Debug|Any CPU
		{18742AF9-1F6F-4B29-AF6F-46EE49B11CD8}.Release|Any CPU.ActiveCfg = Release|Any CPU
		{18742AF9-1F6F-4B29-AF6F-46EE49B11CD8}.Release|Any CPU.Build.0 = Release|Any CPU
		{18742AF9-1F6F-4B29-AF6F-46EE49B11CD8}.Release|x64.ActiveCfg = Release|x64
		{18742AF9-1F6F-4B29-AF6F-46EE49B11CD8}.Release|x64.Build.0 = Release|x64
		{18742AF9-1F6F-4B29-AF6F-46EE49B11CD8}.Release|x86.ActiveCfg = Release|Any CPU
		{18742AF9-1F6F-4B29-AF6F-46EE49B11CD8}.Release|x86.Build.0 = Release|Any CPU
		{DD953FCB-7E6D-46E6-9E33-D23F8D488DE6}.Debug|Any CPU.ActiveCfg = Debug|Any CPU
		{DD953FCB-7E6D-46E6-9E33-D23F8D488DE6}.Debug|Any CPU.Build.0 = Debug|Any CPU
		{DD953FCB-7E6D-46E6-9E33-D23F8D488DE6}.Debug|x64.ActiveCfg = Debug|x64
		{DD953FCB-7E6D-46E6-9E33-D23F8D488DE6}.Debug|x64.Build.0 = Debug|x64
		{DD953FCB-7E6D-46E6-9E33-D23F8D488DE6}.Debug|x86.ActiveCfg = Debug|Any CPU
		{DD953FCB-7E6D-46E6-9E33-D23F8D488DE6}.Debug|x86.Build.0 = Debug|Any CPU
		{DD953FCB-7E6D-46E6-9E33-D23F8D488DE6}.Release|Any CPU.ActiveCfg = Release|Any CPU
		{DD953FCB-7E6D-46E6-9E33-D23F8D488DE6}.Release|Any CPU.Build.0 = Release|Any CPU
		{DD953FCB-7E6D-46E6-9E33-D23F8D488DE6}.Release|x64.ActiveCfg = Release|x64
		{DD953FCB-7E6D-46E6-9E33-D23F8D488DE6}.Release|x64.Build.0 = Release|x64
		{DD953FCB-7E6D-46E6-9E33-D23F8D488DE6}.Release|x86.ActiveCfg = Release|Any CPU
		{DD953FCB-7E6D-46E6-9E33-D23F8D488DE6}.Release|x86.Build.0 = Release|Any CPU
		{A3AAD84A-D5DB-46BF-90B8-C289F066D590}.Debug|Any CPU.ActiveCfg = Debug|Any CPU
		{A3AAD84A-D5DB-46BF-90B8-C289F066D590}.Debug|Any CPU.Build.0 = Debug|Any CPU
		{A3AAD84A-D5DB-46BF-90B8-C289F066D590}.Debug|x64.ActiveCfg = Debug|x64
		{A3AAD84A-D5DB-46BF-90B8-C289F066D590}.Debug|x64.Build.0 = Debug|x64
		{A3AAD84A-D5DB-46BF-90B8-C289F066D590}.Debug|x86.ActiveCfg = Debug|Any CPU
		{A3AAD84A-D5DB-46BF-90B8-C289F066D590}.Debug|x86.Build.0 = Debug|Any CPU
		{A3AAD84A-D5DB-46BF-90B8-C289F066D590}.Release|Any CPU.ActiveCfg = Release|Any CPU
		{A3AAD84A-D5DB-46BF-90B8-C289F066D590}.Release|Any CPU.Build.0 = Release|Any CPU
		{A3AAD84A-D5DB-46BF-90B8-C289F066D590}.Release|x64.ActiveCfg = Release|x64
		{A3AAD84A-D5DB-46BF-90B8-C289F066D590}.Release|x64.Build.0 = Release|x64
		{A3AAD84A-D5DB-46BF-90B8-C289F066D590}.Release|x86.ActiveCfg = Release|Any CPU
		{A3AAD84A-D5DB-46BF-90B8-C289F066D590}.Release|x86.Build.0 = Release|Any CPU
		{7792DFDF-03F5-4017-9B35-25093E3C3A3F}.Debug|Any CPU.ActiveCfg = Debug|Any CPU
		{7792DFDF-03F5-4017-9B35-25093E3C3A3F}.Debug|Any CPU.Build.0 = Debug|Any CPU
		{7792DFDF-03F5-4017-9B35-25093E3C3A3F}.Debug|x64.ActiveCfg = Debug|x64
		{7792DFDF-03F5-4017-9B35-25093E3C3A3F}.Debug|x64.Build.0 = Debug|x64
		{7792DFDF-03F5-4017-9B35-25093E3C3A3F}.Debug|x86.ActiveCfg = Debug|Any CPU
		{7792DFDF-03F5-4017-9B35-25093E3C3A3F}.Debug|x86.Build.0 = Debug|Any CPU
		{7792DFDF-03F5-4017-9B35-25093E3C3A3F}.Release|Any CPU.ActiveCfg = Release|Any CPU
		{7792DFDF-03F5-4017-9B35-25093E3C3A3F}.Release|Any CPU.Build.0 = Release|Any CPU
		{7792DFDF-03F5-4017-9B35-25093E3C3A3F}.Release|x64.ActiveCfg = Release|x64
		{7792DFDF-03F5-4017-9B35-25093E3C3A3F}.Release|x64.Build.0 = Release|x64
		{7792DFDF-03F5-4017-9B35-25093E3C3A3F}.Release|x86.ActiveCfg = Release|Any CPU
		{7792DFDF-03F5-4017-9B35-25093E3C3A3F}.Release|x86.Build.0 = Release|Any CPU
		{A1F0C96E-28BD-4FC4-8A21-97DBD394FEE4}.Debug|Any CPU.ActiveCfg = Debug|Any CPU
		{A1F0C96E-28BD-4FC4-8A21-97DBD394FEE4}.Debug|Any CPU.Build.0 = Debug|Any CPU
		{A1F0C96E-28BD-4FC4-8A21-97DBD394FEE4}.Debug|x64.ActiveCfg = Debug|x64
		{A1F0C96E-28BD-4FC4-8A21-97DBD394FEE4}.Debug|x64.Build.0 = Debug|x64
		{A1F0C96E-28BD-4FC4-8A21-97DBD394FEE4}.Debug|x86.ActiveCfg = Debug|Any CPU
		{A1F0C96E-28BD-4FC4-8A21-97DBD394FEE4}.Debug|x86.Build.0 = Debug|Any CPU
		{A1F0C96E-28BD-4FC4-8A21-97DBD394FEE4}.Release|Any CPU.ActiveCfg = Release|Any CPU
		{A1F0C96E-28BD-4FC4-8A21-97DBD394FEE4}.Release|Any CPU.Build.0 = Release|Any CPU
		{A1F0C96E-28BD-4FC4-8A21-97DBD394FEE4}.Release|x64.ActiveCfg = Release|x64
		{A1F0C96E-28BD-4FC4-8A21-97DBD394FEE4}.Release|x64.Build.0 = Release|x64
		{A1F0C96E-28BD-4FC4-8A21-97DBD394FEE4}.Release|x86.ActiveCfg = Release|Any CPU
		{A1F0C96E-28BD-4FC4-8A21-97DBD394FEE4}.Release|x86.Build.0 = Release|Any CPU
		{1F20905F-8176-4189-9FAB-0806BE1D271B}.Debug|Any CPU.ActiveCfg = Debug|Any CPU
		{1F20905F-8176-4189-9FAB-0806BE1D271B}.Debug|Any CPU.Build.0 = Debug|Any CPU
		{1F20905F-8176-4189-9FAB-0806BE1D271B}.Debug|x64.ActiveCfg = Debug|x64
		{1F20905F-8176-4189-9FAB-0806BE1D271B}.Debug|x64.Build.0 = Debug|x64
		{1F20905F-8176-4189-9FAB-0806BE1D271B}.Debug|x86.ActiveCfg = Debug|Any CPU
		{1F20905F-8176-4189-9FAB-0806BE1D271B}.Debug|x86.Build.0 = Debug|Any CPU
		{1F20905F-8176-4189-9FAB-0806BE1D271B}.Release|Any CPU.ActiveCfg = Release|Any CPU
		{1F20905F-8176-4189-9FAB-0806BE1D271B}.Release|Any CPU.Build.0 = Release|Any CPU
		{1F20905F-8176-4189-9FAB-0806BE1D271B}.Release|x64.ActiveCfg = Release|x64
		{1F20905F-8176-4189-9FAB-0806BE1D271B}.Release|x64.Build.0 = Release|x64
		{1F20905F-8176-4189-9FAB-0806BE1D271B}.Release|x86.ActiveCfg = Release|Any CPU
		{1F20905F-8176-4189-9FAB-0806BE1D271B}.Release|x86.Build.0 = Release|Any CPU
		{8CAB7870-5AE0-4F5B-B83E-ECF5BC84F106}.Debug|Any CPU.ActiveCfg = Debug|Any CPU
		{8CAB7870-5AE0-4F5B-B83E-ECF5BC84F106}.Debug|Any CPU.Build.0 = Debug|Any CPU
		{8CAB7870-5AE0-4F5B-B83E-ECF5BC84F106}.Debug|x64.ActiveCfg = Debug|x64
		{8CAB7870-5AE0-4F5B-B83E-ECF5BC84F106}.Debug|x64.Build.0 = Debug|x64
		{8CAB7870-5AE0-4F5B-B83E-ECF5BC84F106}.Debug|x86.ActiveCfg = Debug|Any CPU
		{8CAB7870-5AE0-4F5B-B83E-ECF5BC84F106}.Debug|x86.Build.0 = Debug|Any CPU
		{8CAB7870-5AE0-4F5B-B83E-ECF5BC84F106}.Release|Any CPU.ActiveCfg = Release|Any CPU
		{8CAB7870-5AE0-4F5B-B83E-ECF5BC84F106}.Release|Any CPU.Build.0 = Release|Any CPU
		{8CAB7870-5AE0-4F5B-B83E-ECF5BC84F106}.Release|x64.ActiveCfg = Release|x64
		{8CAB7870-5AE0-4F5B-B83E-ECF5BC84F106}.Release|x64.Build.0 = Release|x64
		{8CAB7870-5AE0-4F5B-B83E-ECF5BC84F106}.Release|x86.ActiveCfg = Release|Any CPU
		{8CAB7870-5AE0-4F5B-B83E-ECF5BC84F106}.Release|x86.Build.0 = Release|Any CPU
		{A1330A58-6C7F-4E0D-B3F1-34F192BFF355}.Debug|Any CPU.ActiveCfg = Debug|Any CPU
		{A1330A58-6C7F-4E0D-B3F1-34F192BFF355}.Debug|Any CPU.Build.0 = Debug|Any CPU
		{A1330A58-6C7F-4E0D-B3F1-34F192BFF355}.Debug|x64.ActiveCfg = Debug|x64
		{A1330A58-6C7F-4E0D-B3F1-34F192BFF355}.Debug|x64.Build.0 = Debug|x64
		{A1330A58-6C7F-4E0D-B3F1-34F192BFF355}.Debug|x86.ActiveCfg = Debug|Any CPU
		{A1330A58-6C7F-4E0D-B3F1-34F192BFF355}.Debug|x86.Build.0 = Debug|Any CPU
		{A1330A58-6C7F-4E0D-B3F1-34F192BFF355}.Release|Any CPU.ActiveCfg = Release|Any CPU
		{A1330A58-6C7F-4E0D-B3F1-34F192BFF355}.Release|Any CPU.Build.0 = Release|Any CPU
		{A1330A58-6C7F-4E0D-B3F1-34F192BFF355}.Release|x64.ActiveCfg = Release|x64
		{A1330A58-6C7F-4E0D-B3F1-34F192BFF355}.Release|x64.Build.0 = Release|x64
		{A1330A58-6C7F-4E0D-B3F1-34F192BFF355}.Release|x86.ActiveCfg = Release|Any CPU
		{A1330A58-6C7F-4E0D-B3F1-34F192BFF355}.Release|x86.Build.0 = Release|Any CPU
		{BD5927C5-9DDD-4947-AC94-6404AFCE5228}.Debug|Any CPU.ActiveCfg = Debug|Any CPU
		{BD5927C5-9DDD-4947-AC94-6404AFCE5228}.Debug|Any CPU.Build.0 = Debug|Any CPU
		{BD5927C5-9DDD-4947-AC94-6404AFCE5228}.Debug|x64.ActiveCfg = Debug|Any CPU
		{BD5927C5-9DDD-4947-AC94-6404AFCE5228}.Debug|x64.Build.0 = Debug|Any CPU
		{BD5927C5-9DDD-4947-AC94-6404AFCE5228}.Debug|x86.ActiveCfg = Debug|Any CPU
		{BD5927C5-9DDD-4947-AC94-6404AFCE5228}.Debug|x86.Build.0 = Debug|Any CPU
		{BD5927C5-9DDD-4947-AC94-6404AFCE5228}.Release|Any CPU.ActiveCfg = Release|Any CPU
		{BD5927C5-9DDD-4947-AC94-6404AFCE5228}.Release|Any CPU.Build.0 = Release|Any CPU
		{BD5927C5-9DDD-4947-AC94-6404AFCE5228}.Release|x64.ActiveCfg = Release|Any CPU
		{BD5927C5-9DDD-4947-AC94-6404AFCE5228}.Release|x64.Build.0 = Release|Any CPU
		{BD5927C5-9DDD-4947-AC94-6404AFCE5228}.Release|x86.ActiveCfg = Release|Any CPU
		{BD5927C5-9DDD-4947-AC94-6404AFCE5228}.Release|x86.Build.0 = Release|Any CPU
		{BA050C24-03F6-46A3-9120-5D1B8DA982AF}.Debug|Any CPU.ActiveCfg = Debug|Any CPU
		{BA050C24-03F6-46A3-9120-5D1B8DA982AF}.Debug|Any CPU.Build.0 = Debug|Any CPU
		{BA050C24-03F6-46A3-9120-5D1B8DA982AF}.Debug|x64.ActiveCfg = Debug|Any CPU
		{BA050C24-03F6-46A3-9120-5D1B8DA982AF}.Debug|x64.Build.0 = Debug|Any CPU
		{BA050C24-03F6-46A3-9120-5D1B8DA982AF}.Debug|x86.ActiveCfg = Debug|Any CPU
		{BA050C24-03F6-46A3-9120-5D1B8DA982AF}.Debug|x86.Build.0 = Debug|Any CPU
		{BA050C24-03F6-46A3-9120-5D1B8DA982AF}.Release|Any CPU.ActiveCfg = Release|Any CPU
		{BA050C24-03F6-46A3-9120-5D1B8DA982AF}.Release|Any CPU.Build.0 = Release|Any CPU
		{BA050C24-03F6-46A3-9120-5D1B8DA982AF}.Release|x64.ActiveCfg = Release|Any CPU
		{BA050C24-03F6-46A3-9120-5D1B8DA982AF}.Release|x64.Build.0 = Release|Any CPU
		{BA050C24-03F6-46A3-9120-5D1B8DA982AF}.Release|x86.ActiveCfg = Release|Any CPU
		{BA050C24-03F6-46A3-9120-5D1B8DA982AF}.Release|x86.Build.0 = Release|Any CPU
		{B663E308-EF82-4611-AF94-0223595BADA3}.Debug|Any CPU.ActiveCfg = Debug|Any CPU
		{B663E308-EF82-4611-AF94-0223595BADA3}.Debug|Any CPU.Build.0 = Debug|Any CPU
		{B663E308-EF82-4611-AF94-0223595BADA3}.Debug|x64.ActiveCfg = Debug|x64
		{B663E308-EF82-4611-AF94-0223595BADA3}.Debug|x64.Build.0 = Debug|x64
		{B663E308-EF82-4611-AF94-0223595BADA3}.Debug|x86.ActiveCfg = Debug|Any CPU
		{B663E308-EF82-4611-AF94-0223595BADA3}.Debug|x86.Build.0 = Debug|Any CPU
		{B663E308-EF82-4611-AF94-0223595BADA3}.Release|Any CPU.ActiveCfg = Release|Any CPU
		{B663E308-EF82-4611-AF94-0223595BADA3}.Release|Any CPU.Build.0 = Release|Any CPU
		{B663E308-EF82-4611-AF94-0223595BADA3}.Release|x64.ActiveCfg = Release|x64
		{B663E308-EF82-4611-AF94-0223595BADA3}.Release|x64.Build.0 = Release|x64
		{B663E308-EF82-4611-AF94-0223595BADA3}.Release|x86.ActiveCfg = Release|Any CPU
		{B663E308-EF82-4611-AF94-0223595BADA3}.Release|x86.Build.0 = Release|Any CPU
		{982F05B2-D49F-49A9-B0F8-E738A6B9CFBA}.Debug|Any CPU.ActiveCfg = Debug|Any CPU
		{982F05B2-D49F-49A9-B0F8-E738A6B9CFBA}.Debug|Any CPU.Build.0 = Debug|Any CPU
		{982F05B2-D49F-49A9-B0F8-E738A6B9CFBA}.Debug|x64.ActiveCfg = Debug|Any CPU
		{982F05B2-D49F-49A9-B0F8-E738A6B9CFBA}.Debug|x64.Build.0 = Debug|Any CPU
		{982F05B2-D49F-49A9-B0F8-E738A6B9CFBA}.Debug|x86.ActiveCfg = Debug|Any CPU
		{982F05B2-D49F-49A9-B0F8-E738A6B9CFBA}.Debug|x86.Build.0 = Debug|Any CPU
		{982F05B2-D49F-49A9-B0F8-E738A6B9CFBA}.Release|Any CPU.ActiveCfg = Release|Any CPU
		{982F05B2-D49F-49A9-B0F8-E738A6B9CFBA}.Release|Any CPU.Build.0 = Release|Any CPU
		{982F05B2-D49F-49A9-B0F8-E738A6B9CFBA}.Release|x64.ActiveCfg = Release|Any CPU
		{982F05B2-D49F-49A9-B0F8-E738A6B9CFBA}.Release|x64.Build.0 = Release|Any CPU
		{982F05B2-D49F-49A9-B0F8-E738A6B9CFBA}.Release|x86.ActiveCfg = Release|Any CPU
		{982F05B2-D49F-49A9-B0F8-E738A6B9CFBA}.Release|x86.Build.0 = Release|Any CPU
		{AFBF29EB-041C-44EC-942E-C921F1B8FCA9}.Debug|Any CPU.ActiveCfg = Debug|Any CPU
		{AFBF29EB-041C-44EC-942E-C921F1B8FCA9}.Debug|Any CPU.Build.0 = Debug|Any CPU
		{AFBF29EB-041C-44EC-942E-C921F1B8FCA9}.Debug|x64.ActiveCfg = Debug|Any CPU
		{AFBF29EB-041C-44EC-942E-C921F1B8FCA9}.Debug|x64.Build.0 = Debug|Any CPU
		{AFBF29EB-041C-44EC-942E-C921F1B8FCA9}.Debug|x86.ActiveCfg = Debug|x86
		{AFBF29EB-041C-44EC-942E-C921F1B8FCA9}.Debug|x86.Build.0 = Debug|x86
		{AFBF29EB-041C-44EC-942E-C921F1B8FCA9}.Release|Any CPU.ActiveCfg = Release|Any CPU
		{AFBF29EB-041C-44EC-942E-C921F1B8FCA9}.Release|Any CPU.Build.0 = Release|Any CPU
		{AFBF29EB-041C-44EC-942E-C921F1B8FCA9}.Release|x64.ActiveCfg = Release|Any CPU
		{AFBF29EB-041C-44EC-942E-C921F1B8FCA9}.Release|x64.Build.0 = Release|Any CPU
		{AFBF29EB-041C-44EC-942E-C921F1B8FCA9}.Release|x86.ActiveCfg = Release|x86
		{AFBF29EB-041C-44EC-942E-C921F1B8FCA9}.Release|x86.Build.0 = Release|x86
		{94EE804F-44A3-4CF0-936C-45296AED6876}.Debug|Any CPU.ActiveCfg = Debug|Any CPU
		{94EE804F-44A3-4CF0-936C-45296AED6876}.Debug|Any CPU.Build.0 = Debug|Any CPU
		{94EE804F-44A3-4CF0-936C-45296AED6876}.Debug|x64.ActiveCfg = Debug|x64
		{94EE804F-44A3-4CF0-936C-45296AED6876}.Debug|x64.Build.0 = Debug|x64
		{94EE804F-44A3-4CF0-936C-45296AED6876}.Debug|x86.ActiveCfg = Debug|Any CPU
		{94EE804F-44A3-4CF0-936C-45296AED6876}.Debug|x86.Build.0 = Debug|Any CPU
		{94EE804F-44A3-4CF0-936C-45296AED6876}.Release|Any CPU.ActiveCfg = Release|Any CPU
		{94EE804F-44A3-4CF0-936C-45296AED6876}.Release|Any CPU.Build.0 = Release|Any CPU
		{94EE804F-44A3-4CF0-936C-45296AED6876}.Release|x64.ActiveCfg = Release|x64
		{94EE804F-44A3-4CF0-936C-45296AED6876}.Release|x64.Build.0 = Release|x64
		{94EE804F-44A3-4CF0-936C-45296AED6876}.Release|x86.ActiveCfg = Release|Any CPU
		{94EE804F-44A3-4CF0-936C-45296AED6876}.Release|x86.Build.0 = Release|Any CPU
		{402A8C7C-1029-4661-92E9-8BD806347837}.Debug|Any CPU.ActiveCfg = Debug|Any CPU
		{402A8C7C-1029-4661-92E9-8BD806347837}.Debug|Any CPU.Build.0 = Debug|Any CPU
		{402A8C7C-1029-4661-92E9-8BD806347837}.Debug|x64.ActiveCfg = Debug|x64
		{402A8C7C-1029-4661-92E9-8BD806347837}.Debug|x64.Build.0 = Debug|x64
		{402A8C7C-1029-4661-92E9-8BD806347837}.Debug|x86.ActiveCfg = Debug|Any CPU
		{402A8C7C-1029-4661-92E9-8BD806347837}.Debug|x86.Build.0 = Debug|Any CPU
		{402A8C7C-1029-4661-92E9-8BD806347837}.Release|Any CPU.ActiveCfg = Release|Any CPU
		{402A8C7C-1029-4661-92E9-8BD806347837}.Release|Any CPU.Build.0 = Release|Any CPU
		{402A8C7C-1029-4661-92E9-8BD806347837}.Release|x64.ActiveCfg = Release|x64
		{402A8C7C-1029-4661-92E9-8BD806347837}.Release|x64.Build.0 = Release|x64
		{402A8C7C-1029-4661-92E9-8BD806347837}.Release|x86.ActiveCfg = Release|Any CPU
		{402A8C7C-1029-4661-92E9-8BD806347837}.Release|x86.Build.0 = Release|Any CPU
		{9E724A4E-3F55-4000-9934-804FAB5769AD}.Debug|Any CPU.ActiveCfg = Debug|Any CPU
		{9E724A4E-3F55-4000-9934-804FAB5769AD}.Debug|Any CPU.Build.0 = Debug|Any CPU
		{9E724A4E-3F55-4000-9934-804FAB5769AD}.Debug|x64.ActiveCfg = Debug|Any CPU
		{9E724A4E-3F55-4000-9934-804FAB5769AD}.Debug|x64.Build.0 = Debug|Any CPU
		{9E724A4E-3F55-4000-9934-804FAB5769AD}.Debug|x86.ActiveCfg = Debug|Any CPU
		{9E724A4E-3F55-4000-9934-804FAB5769AD}.Debug|x86.Build.0 = Debug|Any CPU
		{9E724A4E-3F55-4000-9934-804FAB5769AD}.Release|Any CPU.ActiveCfg = Release|Any CPU
		{9E724A4E-3F55-4000-9934-804FAB5769AD}.Release|Any CPU.Build.0 = Release|Any CPU
		{9E724A4E-3F55-4000-9934-804FAB5769AD}.Release|x64.ActiveCfg = Release|Any CPU
		{9E724A4E-3F55-4000-9934-804FAB5769AD}.Release|x64.Build.0 = Release|Any CPU
		{9E724A4E-3F55-4000-9934-804FAB5769AD}.Release|x86.ActiveCfg = Release|Any CPU
		{9E724A4E-3F55-4000-9934-804FAB5769AD}.Release|x86.Build.0 = Release|Any CPU
		{2EF6FFD2-076B-4A8E-AF6D-AB4BF012AB1A}.Debug|Any CPU.ActiveCfg = Debug|Any CPU
		{2EF6FFD2-076B-4A8E-AF6D-AB4BF012AB1A}.Debug|Any CPU.Build.0 = Debug|Any CPU
		{2EF6FFD2-076B-4A8E-AF6D-AB4BF012AB1A}.Debug|x64.ActiveCfg = Debug|Any CPU
		{2EF6FFD2-076B-4A8E-AF6D-AB4BF012AB1A}.Debug|x64.Build.0 = Debug|Any CPU
		{2EF6FFD2-076B-4A8E-AF6D-AB4BF012AB1A}.Debug|x86.ActiveCfg = Debug|Any CPU
		{2EF6FFD2-076B-4A8E-AF6D-AB4BF012AB1A}.Debug|x86.Build.0 = Debug|Any CPU
		{2EF6FFD2-076B-4A8E-AF6D-AB4BF012AB1A}.Release|Any CPU.ActiveCfg = Release|Any CPU
		{2EF6FFD2-076B-4A8E-AF6D-AB4BF012AB1A}.Release|Any CPU.Build.0 = Release|Any CPU
		{2EF6FFD2-076B-4A8E-AF6D-AB4BF012AB1A}.Release|x64.ActiveCfg = Release|Any CPU
		{2EF6FFD2-076B-4A8E-AF6D-AB4BF012AB1A}.Release|x64.Build.0 = Release|Any CPU
		{2EF6FFD2-076B-4A8E-AF6D-AB4BF012AB1A}.Release|x86.ActiveCfg = Release|Any CPU
		{2EF6FFD2-076B-4A8E-AF6D-AB4BF012AB1A}.Release|x86.Build.0 = Release|Any CPU
		{F289D78F-8E23-4944-9F48-01E38E2463A1}.Debug|Any CPU.ActiveCfg = Debug|Any CPU
		{F289D78F-8E23-4944-9F48-01E38E2463A1}.Debug|Any CPU.Build.0 = Debug|Any CPU
		{F289D78F-8E23-4944-9F48-01E38E2463A1}.Debug|x64.ActiveCfg = Debug|Any CPU
		{F289D78F-8E23-4944-9F48-01E38E2463A1}.Debug|x64.Build.0 = Debug|Any CPU
		{F289D78F-8E23-4944-9F48-01E38E2463A1}.Debug|x86.ActiveCfg = Debug|Any CPU
		{F289D78F-8E23-4944-9F48-01E38E2463A1}.Debug|x86.Build.0 = Debug|Any CPU
		{F289D78F-8E23-4944-9F48-01E38E2463A1}.Release|Any CPU.ActiveCfg = Release|Any CPU
		{F289D78F-8E23-4944-9F48-01E38E2463A1}.Release|Any CPU.Build.0 = Release|Any CPU
		{F289D78F-8E23-4944-9F48-01E38E2463A1}.Release|x64.ActiveCfg = Release|Any CPU
		{F289D78F-8E23-4944-9F48-01E38E2463A1}.Release|x64.Build.0 = Release|Any CPU
		{F289D78F-8E23-4944-9F48-01E38E2463A1}.Release|x86.ActiveCfg = Release|Any CPU
		{F289D78F-8E23-4944-9F48-01E38E2463A1}.Release|x86.Build.0 = Release|Any CPU
		{FA3E96A2-64E5-433E-9DF9-39749909983B}.Debug|Any CPU.ActiveCfg = Debug|Any CPU
		{FA3E96A2-64E5-433E-9DF9-39749909983B}.Debug|Any CPU.Build.0 = Debug|Any CPU
		{FA3E96A2-64E5-433E-9DF9-39749909983B}.Debug|x64.ActiveCfg = Debug|x64
		{FA3E96A2-64E5-433E-9DF9-39749909983B}.Debug|x64.Build.0 = Debug|x64
		{FA3E96A2-64E5-433E-9DF9-39749909983B}.Debug|x86.ActiveCfg = Debug|Any CPU
		{FA3E96A2-64E5-433E-9DF9-39749909983B}.Debug|x86.Build.0 = Debug|Any CPU
		{FA3E96A2-64E5-433E-9DF9-39749909983B}.Release|Any CPU.ActiveCfg = Release|Any CPU
		{FA3E96A2-64E5-433E-9DF9-39749909983B}.Release|Any CPU.Build.0 = Release|Any CPU
		{FA3E96A2-64E5-433E-9DF9-39749909983B}.Release|x64.ActiveCfg = Release|x64
		{FA3E96A2-64E5-433E-9DF9-39749909983B}.Release|x64.Build.0 = Release|x64
		{FA3E96A2-64E5-433E-9DF9-39749909983B}.Release|x86.ActiveCfg = Release|Any CPU
		{FA3E96A2-64E5-433E-9DF9-39749909983B}.Release|x86.Build.0 = Release|Any CPU
		{6976E63D-36F3-4F85-97B4-A0BA33988A09}.Debug|Any CPU.ActiveCfg = Debug|Any CPU
		{6976E63D-36F3-4F85-97B4-A0BA33988A09}.Debug|Any CPU.Build.0 = Debug|Any CPU
		{6976E63D-36F3-4F85-97B4-A0BA33988A09}.Debug|x64.ActiveCfg = Debug|Any CPU
		{6976E63D-36F3-4F85-97B4-A0BA33988A09}.Debug|x64.Build.0 = Debug|Any CPU
		{6976E63D-36F3-4F85-97B4-A0BA33988A09}.Debug|x86.ActiveCfg = Debug|Any CPU
		{6976E63D-36F3-4F85-97B4-A0BA33988A09}.Debug|x86.Build.0 = Debug|Any CPU
		{6976E63D-36F3-4F85-97B4-A0BA33988A09}.Release|Any CPU.ActiveCfg = Release|Any CPU
		{6976E63D-36F3-4F85-97B4-A0BA33988A09}.Release|Any CPU.Build.0 = Release|Any CPU
		{6976E63D-36F3-4F85-97B4-A0BA33988A09}.Release|x64.ActiveCfg = Release|Any CPU
		{6976E63D-36F3-4F85-97B4-A0BA33988A09}.Release|x64.Build.0 = Release|Any CPU
		{6976E63D-36F3-4F85-97B4-A0BA33988A09}.Release|x86.ActiveCfg = Release|Any CPU
		{6976E63D-36F3-4F85-97B4-A0BA33988A09}.Release|x86.Build.0 = Release|Any CPU
		{AF00EA21-0F79-4416-A081-AD92F32B640F}.Debug|Any CPU.ActiveCfg = Debug|Any CPU
		{AF00EA21-0F79-4416-A081-AD92F32B640F}.Debug|Any CPU.Build.0 = Debug|Any CPU
		{AF00EA21-0F79-4416-A081-AD92F32B640F}.Debug|x64.ActiveCfg = Debug|Any CPU
		{AF00EA21-0F79-4416-A081-AD92F32B640F}.Debug|x64.Build.0 = Debug|Any CPU
		{AF00EA21-0F79-4416-A081-AD92F32B640F}.Debug|x86.ActiveCfg = Debug|Any CPU
		{AF00EA21-0F79-4416-A081-AD92F32B640F}.Debug|x86.Build.0 = Debug|Any CPU
		{AF00EA21-0F79-4416-A081-AD92F32B640F}.Release|Any CPU.ActiveCfg = Release|Any CPU
		{AF00EA21-0F79-4416-A081-AD92F32B640F}.Release|Any CPU.Build.0 = Release|Any CPU
		{AF00EA21-0F79-4416-A081-AD92F32B640F}.Release|x64.ActiveCfg = Release|Any CPU
		{AF00EA21-0F79-4416-A081-AD92F32B640F}.Release|x64.Build.0 = Release|Any CPU
		{AF00EA21-0F79-4416-A081-AD92F32B640F}.Release|x86.ActiveCfg = Release|Any CPU
		{AF00EA21-0F79-4416-A081-AD92F32B640F}.Release|x86.Build.0 = Release|Any CPU
		{3400D6E9-4CAD-494F-8DA4-2BFE7619432D}.Debug|Any CPU.ActiveCfg = Debug|Any CPU
		{3400D6E9-4CAD-494F-8DA4-2BFE7619432D}.Debug|Any CPU.Build.0 = Debug|Any CPU
		{3400D6E9-4CAD-494F-8DA4-2BFE7619432D}.Debug|x64.ActiveCfg = Debug|x64
		{3400D6E9-4CAD-494F-8DA4-2BFE7619432D}.Debug|x64.Build.0 = Debug|x64
		{3400D6E9-4CAD-494F-8DA4-2BFE7619432D}.Debug|x86.ActiveCfg = Debug|Any CPU
		{3400D6E9-4CAD-494F-8DA4-2BFE7619432D}.Debug|x86.Build.0 = Debug|Any CPU
		{3400D6E9-4CAD-494F-8DA4-2BFE7619432D}.Release|Any CPU.ActiveCfg = Release|Any CPU
		{3400D6E9-4CAD-494F-8DA4-2BFE7619432D}.Release|Any CPU.Build.0 = Release|Any CPU
		{3400D6E9-4CAD-494F-8DA4-2BFE7619432D}.Release|x64.ActiveCfg = Release|x64
		{3400D6E9-4CAD-494F-8DA4-2BFE7619432D}.Release|x64.Build.0 = Release|x64
		{3400D6E9-4CAD-494F-8DA4-2BFE7619432D}.Release|x86.ActiveCfg = Release|Any CPU
		{3400D6E9-4CAD-494F-8DA4-2BFE7619432D}.Release|x86.Build.0 = Release|Any CPU
		{AE27DC41-82BB-4972-860D-2C2E2784190B}.Debug|Any CPU.ActiveCfg = Debug|Any CPU
		{AE27DC41-82BB-4972-860D-2C2E2784190B}.Debug|Any CPU.Build.0 = Debug|Any CPU
		{AE27DC41-82BB-4972-860D-2C2E2784190B}.Debug|x64.ActiveCfg = Debug|Any CPU
		{AE27DC41-82BB-4972-860D-2C2E2784190B}.Debug|x64.Build.0 = Debug|Any CPU
		{AE27DC41-82BB-4972-860D-2C2E2784190B}.Debug|x86.ActiveCfg = Debug|Any CPU
		{AE27DC41-82BB-4972-860D-2C2E2784190B}.Debug|x86.Build.0 = Debug|Any CPU
		{AE27DC41-82BB-4972-860D-2C2E2784190B}.Release|Any CPU.ActiveCfg = Release|Any CPU
		{AE27DC41-82BB-4972-860D-2C2E2784190B}.Release|Any CPU.Build.0 = Release|Any CPU
		{AE27DC41-82BB-4972-860D-2C2E2784190B}.Release|x64.ActiveCfg = Release|Any CPU
		{AE27DC41-82BB-4972-860D-2C2E2784190B}.Release|x64.Build.0 = Release|Any CPU
		{AE27DC41-82BB-4972-860D-2C2E2784190B}.Release|x86.ActiveCfg = Release|Any CPU
		{AE27DC41-82BB-4972-860D-2C2E2784190B}.Release|x86.Build.0 = Release|Any CPU
		{CAB1D83C-44A4-4F67-9ECC-241026387BC1}.Debug|Any CPU.ActiveCfg = Debug|Any CPU
		{CAB1D83C-44A4-4F67-9ECC-241026387BC1}.Debug|Any CPU.Build.0 = Debug|Any CPU
		{CAB1D83C-44A4-4F67-9ECC-241026387BC1}.Debug|x64.ActiveCfg = Debug|x64
		{CAB1D83C-44A4-4F67-9ECC-241026387BC1}.Debug|x64.Build.0 = Debug|x64
		{CAB1D83C-44A4-4F67-9ECC-241026387BC1}.Debug|x86.ActiveCfg = Debug|Any CPU
		{CAB1D83C-44A4-4F67-9ECC-241026387BC1}.Debug|x86.Build.0 = Debug|Any CPU
		{CAB1D83C-44A4-4F67-9ECC-241026387BC1}.Release|Any CPU.ActiveCfg = Release|Any CPU
		{CAB1D83C-44A4-4F67-9ECC-241026387BC1}.Release|Any CPU.Build.0 = Release|Any CPU
		{CAB1D83C-44A4-4F67-9ECC-241026387BC1}.Release|x64.ActiveCfg = Release|x64
		{CAB1D83C-44A4-4F67-9ECC-241026387BC1}.Release|x64.Build.0 = Release|x64
		{CAB1D83C-44A4-4F67-9ECC-241026387BC1}.Release|x86.ActiveCfg = Release|Any CPU
		{CAB1D83C-44A4-4F67-9ECC-241026387BC1}.Release|x86.Build.0 = Release|Any CPU
		{CEB3D99F-4012-499E-AF23-88E8BFAF7BA2}.Debug|Any CPU.ActiveCfg = Debug|Any CPU
		{CEB3D99F-4012-499E-AF23-88E8BFAF7BA2}.Debug|Any CPU.Build.0 = Debug|Any CPU
		{CEB3D99F-4012-499E-AF23-88E8BFAF7BA2}.Debug|x64.ActiveCfg = Debug|Any CPU
		{CEB3D99F-4012-499E-AF23-88E8BFAF7BA2}.Debug|x64.Build.0 = Debug|Any CPU
		{CEB3D99F-4012-499E-AF23-88E8BFAF7BA2}.Debug|x86.ActiveCfg = Debug|Any CPU
		{CEB3D99F-4012-499E-AF23-88E8BFAF7BA2}.Debug|x86.Build.0 = Debug|Any CPU
		{CEB3D99F-4012-499E-AF23-88E8BFAF7BA2}.Release|Any CPU.ActiveCfg = Release|Any CPU
		{CEB3D99F-4012-499E-AF23-88E8BFAF7BA2}.Release|Any CPU.Build.0 = Release|Any CPU
		{CEB3D99F-4012-499E-AF23-88E8BFAF7BA2}.Release|x64.ActiveCfg = Release|Any CPU
		{CEB3D99F-4012-499E-AF23-88E8BFAF7BA2}.Release|x64.Build.0 = Release|Any CPU
		{CEB3D99F-4012-499E-AF23-88E8BFAF7BA2}.Release|x86.ActiveCfg = Release|Any CPU
		{CEB3D99F-4012-499E-AF23-88E8BFAF7BA2}.Release|x86.Build.0 = Release|Any CPU
		{4E1F77B9-604D-4850-B776-8D36B0FE3536}.Debug|Any CPU.ActiveCfg = Debug|Any CPU
		{4E1F77B9-604D-4850-B776-8D36B0FE3536}.Debug|Any CPU.Build.0 = Debug|Any CPU
		{4E1F77B9-604D-4850-B776-8D36B0FE3536}.Debug|x64.ActiveCfg = Debug|Any CPU
		{4E1F77B9-604D-4850-B776-8D36B0FE3536}.Debug|x64.Build.0 = Debug|Any CPU
		{4E1F77B9-604D-4850-B776-8D36B0FE3536}.Debug|x86.ActiveCfg = Debug|Any CPU
		{4E1F77B9-604D-4850-B776-8D36B0FE3536}.Debug|x86.Build.0 = Debug|Any CPU
		{4E1F77B9-604D-4850-B776-8D36B0FE3536}.Release|Any CPU.ActiveCfg = Release|Any CPU
		{4E1F77B9-604D-4850-B776-8D36B0FE3536}.Release|Any CPU.Build.0 = Release|Any CPU
		{4E1F77B9-604D-4850-B776-8D36B0FE3536}.Release|x64.ActiveCfg = Release|Any CPU
		{4E1F77B9-604D-4850-B776-8D36B0FE3536}.Release|x64.Build.0 = Release|Any CPU
		{4E1F77B9-604D-4850-B776-8D36B0FE3536}.Release|x86.ActiveCfg = Release|Any CPU
		{4E1F77B9-604D-4850-B776-8D36B0FE3536}.Release|x86.Build.0 = Release|Any CPU
		{5FE3C8AC-CF8A-438A-BAAA-2743DBE6AB2C}.Debug|Any CPU.ActiveCfg = Debug|Any CPU
		{5FE3C8AC-CF8A-438A-BAAA-2743DBE6AB2C}.Debug|Any CPU.Build.0 = Debug|Any CPU
		{5FE3C8AC-CF8A-438A-BAAA-2743DBE6AB2C}.Debug|x64.ActiveCfg = Debug|x64
		{5FE3C8AC-CF8A-438A-BAAA-2743DBE6AB2C}.Debug|x64.Build.0 = Debug|x64
		{5FE3C8AC-CF8A-438A-BAAA-2743DBE6AB2C}.Debug|x86.ActiveCfg = Debug|Any CPU
		{5FE3C8AC-CF8A-438A-BAAA-2743DBE6AB2C}.Debug|x86.Build.0 = Debug|Any CPU
		{5FE3C8AC-CF8A-438A-BAAA-2743DBE6AB2C}.Release|Any CPU.ActiveCfg = Release|Any CPU
		{5FE3C8AC-CF8A-438A-BAAA-2743DBE6AB2C}.Release|Any CPU.Build.0 = Release|Any CPU
		{5FE3C8AC-CF8A-438A-BAAA-2743DBE6AB2C}.Release|x64.ActiveCfg = Release|x64
		{5FE3C8AC-CF8A-438A-BAAA-2743DBE6AB2C}.Release|x64.Build.0 = Release|x64
		{5FE3C8AC-CF8A-438A-BAAA-2743DBE6AB2C}.Release|x86.ActiveCfg = Release|Any CPU
		{5FE3C8AC-CF8A-438A-BAAA-2743DBE6AB2C}.Release|x86.Build.0 = Release|Any CPU
		{82BE1A51-61CF-4E03-AA71-DCD1B5BD6C5F}.Debug|Any CPU.ActiveCfg = Debug|Any CPU
		{82BE1A51-61CF-4E03-AA71-DCD1B5BD6C5F}.Debug|Any CPU.Build.0 = Debug|Any CPU
		{82BE1A51-61CF-4E03-AA71-DCD1B5BD6C5F}.Debug|x64.ActiveCfg = Debug|Any CPU
		{82BE1A51-61CF-4E03-AA71-DCD1B5BD6C5F}.Debug|x64.Build.0 = Debug|Any CPU
		{82BE1A51-61CF-4E03-AA71-DCD1B5BD6C5F}.Debug|x86.ActiveCfg = Debug|Any CPU
		{82BE1A51-61CF-4E03-AA71-DCD1B5BD6C5F}.Debug|x86.Build.0 = Debug|Any CPU
		{82BE1A51-61CF-4E03-AA71-DCD1B5BD6C5F}.Release|Any CPU.ActiveCfg = Release|Any CPU
		{82BE1A51-61CF-4E03-AA71-DCD1B5BD6C5F}.Release|Any CPU.Build.0 = Release|Any CPU
		{82BE1A51-61CF-4E03-AA71-DCD1B5BD6C5F}.Release|x64.ActiveCfg = Release|Any CPU
		{82BE1A51-61CF-4E03-AA71-DCD1B5BD6C5F}.Release|x64.Build.0 = Release|Any CPU
		{82BE1A51-61CF-4E03-AA71-DCD1B5BD6C5F}.Release|x86.ActiveCfg = Release|Any CPU
		{82BE1A51-61CF-4E03-AA71-DCD1B5BD6C5F}.Release|x86.Build.0 = Release|Any CPU
		{32F937DE-74D0-45A5-B7CB-319D9168E4BA}.Debug|Any CPU.ActiveCfg = Debug|Any CPU
		{32F937DE-74D0-45A5-B7CB-319D9168E4BA}.Debug|Any CPU.Build.0 = Debug|Any CPU
		{32F937DE-74D0-45A5-B7CB-319D9168E4BA}.Debug|x64.ActiveCfg = Debug|Any CPU
		{32F937DE-74D0-45A5-B7CB-319D9168E4BA}.Debug|x64.Build.0 = Debug|Any CPU
		{32F937DE-74D0-45A5-B7CB-319D9168E4BA}.Debug|x86.ActiveCfg = Debug|Any CPU
		{32F937DE-74D0-45A5-B7CB-319D9168E4BA}.Debug|x86.Build.0 = Debug|Any CPU
		{32F937DE-74D0-45A5-B7CB-319D9168E4BA}.Release|Any CPU.ActiveCfg = Release|Any CPU
		{32F937DE-74D0-45A5-B7CB-319D9168E4BA}.Release|Any CPU.Build.0 = Release|Any CPU
		{32F937DE-74D0-45A5-B7CB-319D9168E4BA}.Release|x64.ActiveCfg = Release|Any CPU
		{32F937DE-74D0-45A5-B7CB-319D9168E4BA}.Release|x64.Build.0 = Release|Any CPU
		{32F937DE-74D0-45A5-B7CB-319D9168E4BA}.Release|x86.ActiveCfg = Release|Any CPU
		{32F937DE-74D0-45A5-B7CB-319D9168E4BA}.Release|x86.Build.0 = Release|Any CPU
		{3AD317E1-DFEF-4B54-871E-F7E395BC97CA}.Debug|Any CPU.ActiveCfg = Debug|Any CPU
		{3AD317E1-DFEF-4B54-871E-F7E395BC97CA}.Debug|Any CPU.Build.0 = Debug|Any CPU
		{3AD317E1-DFEF-4B54-871E-F7E395BC97CA}.Debug|x64.ActiveCfg = Debug|Any CPU
		{3AD317E1-DFEF-4B54-871E-F7E395BC97CA}.Debug|x64.Build.0 = Debug|Any CPU
		{3AD317E1-DFEF-4B54-871E-F7E395BC97CA}.Debug|x86.ActiveCfg = Debug|Any CPU
		{3AD317E1-DFEF-4B54-871E-F7E395BC97CA}.Debug|x86.Build.0 = Debug|Any CPU
		{3AD317E1-DFEF-4B54-871E-F7E395BC97CA}.Release|Any CPU.ActiveCfg = Release|Any CPU
		{3AD317E1-DFEF-4B54-871E-F7E395BC97CA}.Release|Any CPU.Build.0 = Release|Any CPU
		{3AD317E1-DFEF-4B54-871E-F7E395BC97CA}.Release|x64.ActiveCfg = Release|Any CPU
		{3AD317E1-DFEF-4B54-871E-F7E395BC97CA}.Release|x64.Build.0 = Release|Any CPU
		{3AD317E1-DFEF-4B54-871E-F7E395BC97CA}.Release|x86.ActiveCfg = Release|Any CPU
		{3AD317E1-DFEF-4B54-871E-F7E395BC97CA}.Release|x86.Build.0 = Release|Any CPU
		{BC366007-5810-498A-807C-249C4AF4E96D}.Debug|Any CPU.ActiveCfg = Debug|Any CPU
		{BC366007-5810-498A-807C-249C4AF4E96D}.Debug|Any CPU.Build.0 = Debug|Any CPU
		{BC366007-5810-498A-807C-249C4AF4E96D}.Debug|x64.ActiveCfg = Debug|Any CPU
		{BC366007-5810-498A-807C-249C4AF4E96D}.Debug|x64.Build.0 = Debug|Any CPU
		{BC366007-5810-498A-807C-249C4AF4E96D}.Debug|x86.ActiveCfg = Debug|Any CPU
		{BC366007-5810-498A-807C-249C4AF4E96D}.Debug|x86.Build.0 = Debug|Any CPU
		{BC366007-5810-498A-807C-249C4AF4E96D}.Release|Any CPU.ActiveCfg = Release|Any CPU
		{BC366007-5810-498A-807C-249C4AF4E96D}.Release|Any CPU.Build.0 = Release|Any CPU
		{BC366007-5810-498A-807C-249C4AF4E96D}.Release|x64.ActiveCfg = Release|Any CPU
		{BC366007-5810-498A-807C-249C4AF4E96D}.Release|x64.Build.0 = Release|Any CPU
		{BC366007-5810-498A-807C-249C4AF4E96D}.Release|x86.ActiveCfg = Release|Any CPU
		{BC366007-5810-498A-807C-249C4AF4E96D}.Release|x86.Build.0 = Release|Any CPU
		{AB47AD22-4872-4A8C-875B-89A18A79C54D}.Debug|Any CPU.ActiveCfg = Debug|Any CPU
		{AB47AD22-4872-4A8C-875B-89A18A79C54D}.Debug|Any CPU.Build.0 = Debug|Any CPU
		{AB47AD22-4872-4A8C-875B-89A18A79C54D}.Debug|x64.ActiveCfg = Debug|Any CPU
		{AB47AD22-4872-4A8C-875B-89A18A79C54D}.Debug|x64.Build.0 = Debug|Any CPU
		{AB47AD22-4872-4A8C-875B-89A18A79C54D}.Debug|x86.ActiveCfg = Debug|Any CPU
		{AB47AD22-4872-4A8C-875B-89A18A79C54D}.Debug|x86.Build.0 = Debug|Any CPU
		{AB47AD22-4872-4A8C-875B-89A18A79C54D}.Release|Any CPU.ActiveCfg = Release|Any CPU
		{AB47AD22-4872-4A8C-875B-89A18A79C54D}.Release|Any CPU.Build.0 = Release|Any CPU
		{AB47AD22-4872-4A8C-875B-89A18A79C54D}.Release|x64.ActiveCfg = Release|Any CPU
		{AB47AD22-4872-4A8C-875B-89A18A79C54D}.Release|x64.Build.0 = Release|Any CPU
		{AB47AD22-4872-4A8C-875B-89A18A79C54D}.Release|x86.ActiveCfg = Release|Any CPU
		{AB47AD22-4872-4A8C-875B-89A18A79C54D}.Release|x86.Build.0 = Release|Any CPU
		{F2DFB7F8-F8B3-4E95-8965-77385001D240}.Debug|Any CPU.ActiveCfg = Debug|Any CPU
		{F2DFB7F8-F8B3-4E95-8965-77385001D240}.Debug|Any CPU.Build.0 = Debug|Any CPU
		{F2DFB7F8-F8B3-4E95-8965-77385001D240}.Debug|x64.ActiveCfg = Debug|x64
		{F2DFB7F8-F8B3-4E95-8965-77385001D240}.Debug|x64.Build.0 = Debug|x64
		{F2DFB7F8-F8B3-4E95-8965-77385001D240}.Debug|x86.ActiveCfg = Debug|Any CPU
		{F2DFB7F8-F8B3-4E95-8965-77385001D240}.Debug|x86.Build.0 = Debug|Any CPU
		{F2DFB7F8-F8B3-4E95-8965-77385001D240}.Release|Any CPU.ActiveCfg = Release|Any CPU
		{F2DFB7F8-F8B3-4E95-8965-77385001D240}.Release|Any CPU.Build.0 = Release|Any CPU
		{F2DFB7F8-F8B3-4E95-8965-77385001D240}.Release|x64.ActiveCfg = Release|x64
		{F2DFB7F8-F8B3-4E95-8965-77385001D240}.Release|x64.Build.0 = Release|x64
		{F2DFB7F8-F8B3-4E95-8965-77385001D240}.Release|x86.ActiveCfg = Release|Any CPU
		{F2DFB7F8-F8B3-4E95-8965-77385001D240}.Release|x86.Build.0 = Release|Any CPU
		{BE480696-BFBF-4FC0-BE50-133A0CA92D50}.Debug|Any CPU.ActiveCfg = Debug|Any CPU
		{BE480696-BFBF-4FC0-BE50-133A0CA92D50}.Debug|Any CPU.Build.0 = Debug|Any CPU
		{BE480696-BFBF-4FC0-BE50-133A0CA92D50}.Debug|x64.ActiveCfg = Debug|Any CPU
		{BE480696-BFBF-4FC0-BE50-133A0CA92D50}.Debug|x64.Build.0 = Debug|Any CPU
		{BE480696-BFBF-4FC0-BE50-133A0CA92D50}.Debug|x86.ActiveCfg = Debug|Any CPU
		{BE480696-BFBF-4FC0-BE50-133A0CA92D50}.Debug|x86.Build.0 = Debug|Any CPU
		{BE480696-BFBF-4FC0-BE50-133A0CA92D50}.Release|Any CPU.ActiveCfg = Release|Any CPU
		{BE480696-BFBF-4FC0-BE50-133A0CA92D50}.Release|Any CPU.Build.0 = Release|Any CPU
		{BE480696-BFBF-4FC0-BE50-133A0CA92D50}.Release|x64.ActiveCfg = Release|Any CPU
		{BE480696-BFBF-4FC0-BE50-133A0CA92D50}.Release|x64.Build.0 = Release|Any CPU
		{BE480696-BFBF-4FC0-BE50-133A0CA92D50}.Release|x86.ActiveCfg = Release|Any CPU
		{BE480696-BFBF-4FC0-BE50-133A0CA92D50}.Release|x86.Build.0 = Release|Any CPU
		{C79D2AD0-CB59-4776-B9A3-5B40C21FC6C3}.Debug|Any CPU.ActiveCfg = Debug|Any CPU
		{C79D2AD0-CB59-4776-B9A3-5B40C21FC6C3}.Debug|Any CPU.Build.0 = Debug|Any CPU
		{C79D2AD0-CB59-4776-B9A3-5B40C21FC6C3}.Debug|x64.ActiveCfg = Debug|Any CPU
		{C79D2AD0-CB59-4776-B9A3-5B40C21FC6C3}.Debug|x64.Build.0 = Debug|Any CPU
		{C79D2AD0-CB59-4776-B9A3-5B40C21FC6C3}.Debug|x86.ActiveCfg = Debug|Any CPU
		{C79D2AD0-CB59-4776-B9A3-5B40C21FC6C3}.Debug|x86.Build.0 = Debug|Any CPU
		{C79D2AD0-CB59-4776-B9A3-5B40C21FC6C3}.Release|Any CPU.ActiveCfg = Release|Any CPU
		{C79D2AD0-CB59-4776-B9A3-5B40C21FC6C3}.Release|Any CPU.Build.0 = Release|Any CPU
		{C79D2AD0-CB59-4776-B9A3-5B40C21FC6C3}.Release|x64.ActiveCfg = Release|Any CPU
		{C79D2AD0-CB59-4776-B9A3-5B40C21FC6C3}.Release|x64.Build.0 = Release|Any CPU
		{C79D2AD0-CB59-4776-B9A3-5B40C21FC6C3}.Release|x86.ActiveCfg = Release|Any CPU
		{C79D2AD0-CB59-4776-B9A3-5B40C21FC6C3}.Release|x86.Build.0 = Release|Any CPU
		{556C580E-2B9D-44BE-BBF5-09A16C77CDA4}.Debug|Any CPU.ActiveCfg = Debug|Any CPU
		{556C580E-2B9D-44BE-BBF5-09A16C77CDA4}.Debug|Any CPU.Build.0 = Debug|Any CPU
		{556C580E-2B9D-44BE-BBF5-09A16C77CDA4}.Debug|x64.ActiveCfg = Debug|Any CPU
		{556C580E-2B9D-44BE-BBF5-09A16C77CDA4}.Debug|x64.Build.0 = Debug|Any CPU
		{556C580E-2B9D-44BE-BBF5-09A16C77CDA4}.Debug|x86.ActiveCfg = Debug|Any CPU
		{556C580E-2B9D-44BE-BBF5-09A16C77CDA4}.Debug|x86.Build.0 = Debug|Any CPU
		{556C580E-2B9D-44BE-BBF5-09A16C77CDA4}.Release|Any CPU.ActiveCfg = Release|Any CPU
		{556C580E-2B9D-44BE-BBF5-09A16C77CDA4}.Release|Any CPU.Build.0 = Release|Any CPU
		{556C580E-2B9D-44BE-BBF5-09A16C77CDA4}.Release|x64.ActiveCfg = Release|Any CPU
		{556C580E-2B9D-44BE-BBF5-09A16C77CDA4}.Release|x64.Build.0 = Release|Any CPU
		{556C580E-2B9D-44BE-BBF5-09A16C77CDA4}.Release|x86.ActiveCfg = Release|Any CPU
		{556C580E-2B9D-44BE-BBF5-09A16C77CDA4}.Release|x86.Build.0 = Release|Any CPU
		{3881991D-9640-426B-936A-F8DC6E086F0A}.Debug|Any CPU.ActiveCfg = Debug|Any CPU
		{3881991D-9640-426B-936A-F8DC6E086F0A}.Debug|Any CPU.Build.0 = Debug|Any CPU
		{3881991D-9640-426B-936A-F8DC6E086F0A}.Debug|x64.ActiveCfg = Debug|x64
		{3881991D-9640-426B-936A-F8DC6E086F0A}.Debug|x64.Build.0 = Debug|x64
		{3881991D-9640-426B-936A-F8DC6E086F0A}.Debug|x86.ActiveCfg = Debug|Any CPU
		{3881991D-9640-426B-936A-F8DC6E086F0A}.Debug|x86.Build.0 = Debug|Any CPU
		{3881991D-9640-426B-936A-F8DC6E086F0A}.Release|Any CPU.ActiveCfg = Release|Any CPU
		{3881991D-9640-426B-936A-F8DC6E086F0A}.Release|Any CPU.Build.0 = Release|Any CPU
		{3881991D-9640-426B-936A-F8DC6E086F0A}.Release|x64.ActiveCfg = Release|x64
		{3881991D-9640-426B-936A-F8DC6E086F0A}.Release|x64.Build.0 = Release|x64
		{3881991D-9640-426B-936A-F8DC6E086F0A}.Release|x86.ActiveCfg = Release|Any CPU
		{3881991D-9640-426B-936A-F8DC6E086F0A}.Release|x86.Build.0 = Release|Any CPU
		{A385A398-4EAF-422B-97B7-3F32E5ACC1DB}.Debug|Any CPU.ActiveCfg = Debug|Any CPU
		{A385A398-4EAF-422B-97B7-3F32E5ACC1DB}.Debug|Any CPU.Build.0 = Debug|Any CPU
		{A385A398-4EAF-422B-97B7-3F32E5ACC1DB}.Debug|x64.ActiveCfg = Debug|Any CPU
		{A385A398-4EAF-422B-97B7-3F32E5ACC1DB}.Debug|x64.Build.0 = Debug|Any CPU
		{A385A398-4EAF-422B-97B7-3F32E5ACC1DB}.Debug|x86.ActiveCfg = Debug|Any CPU
		{A385A398-4EAF-422B-97B7-3F32E5ACC1DB}.Debug|x86.Build.0 = Debug|Any CPU
		{A385A398-4EAF-422B-97B7-3F32E5ACC1DB}.Release|Any CPU.ActiveCfg = Release|Any CPU
		{A385A398-4EAF-422B-97B7-3F32E5ACC1DB}.Release|Any CPU.Build.0 = Release|Any CPU
		{A385A398-4EAF-422B-97B7-3F32E5ACC1DB}.Release|x64.ActiveCfg = Release|Any CPU
		{A385A398-4EAF-422B-97B7-3F32E5ACC1DB}.Release|x64.Build.0 = Release|Any CPU
		{A385A398-4EAF-422B-97B7-3F32E5ACC1DB}.Release|x86.ActiveCfg = Release|Any CPU
		{A385A398-4EAF-422B-97B7-3F32E5ACC1DB}.Release|x86.Build.0 = Release|Any CPU
		{22373B41-21E9-4F88-A512-30D6BFFA546A}.Debug|Any CPU.ActiveCfg = Debug|Any CPU
		{22373B41-21E9-4F88-A512-30D6BFFA546A}.Debug|Any CPU.Build.0 = Debug|Any CPU
		{22373B41-21E9-4F88-A512-30D6BFFA546A}.Debug|x64.ActiveCfg = Debug|x64
		{22373B41-21E9-4F88-A512-30D6BFFA546A}.Debug|x64.Build.0 = Debug|x64
		{22373B41-21E9-4F88-A512-30D6BFFA546A}.Debug|x86.ActiveCfg = Debug|Any CPU
		{22373B41-21E9-4F88-A512-30D6BFFA546A}.Debug|x86.Build.0 = Debug|Any CPU
		{22373B41-21E9-4F88-A512-30D6BFFA546A}.Release|Any CPU.ActiveCfg = Release|Any CPU
		{22373B41-21E9-4F88-A512-30D6BFFA546A}.Release|Any CPU.Build.0 = Release|Any CPU
		{22373B41-21E9-4F88-A512-30D6BFFA546A}.Release|x64.ActiveCfg = Release|x64
		{22373B41-21E9-4F88-A512-30D6BFFA546A}.Release|x64.Build.0 = Release|x64
		{22373B41-21E9-4F88-A512-30D6BFFA546A}.Release|x86.ActiveCfg = Release|Any CPU
		{22373B41-21E9-4F88-A512-30D6BFFA546A}.Release|x86.Build.0 = Release|Any CPU
		{0CBBE85D-3880-48F6-9B17-F299AFE87ED4}.Debug|Any CPU.ActiveCfg = Debug|Any CPU
		{0CBBE85D-3880-48F6-9B17-F299AFE87ED4}.Debug|Any CPU.Build.0 = Debug|Any CPU
		{0CBBE85D-3880-48F6-9B17-F299AFE87ED4}.Debug|x64.ActiveCfg = Debug|Any CPU
		{0CBBE85D-3880-48F6-9B17-F299AFE87ED4}.Debug|x64.Build.0 = Debug|Any CPU
		{0CBBE85D-3880-48F6-9B17-F299AFE87ED4}.Debug|x86.ActiveCfg = Debug|Any CPU
		{0CBBE85D-3880-48F6-9B17-F299AFE87ED4}.Debug|x86.Build.0 = Debug|Any CPU
		{0CBBE85D-3880-48F6-9B17-F299AFE87ED4}.Release|Any CPU.ActiveCfg = Release|Any CPU
		{0CBBE85D-3880-48F6-9B17-F299AFE87ED4}.Release|Any CPU.Build.0 = Release|Any CPU
		{0CBBE85D-3880-48F6-9B17-F299AFE87ED4}.Release|x64.ActiveCfg = Release|Any CPU
		{0CBBE85D-3880-48F6-9B17-F299AFE87ED4}.Release|x64.Build.0 = Release|Any CPU
		{0CBBE85D-3880-48F6-9B17-F299AFE87ED4}.Release|x86.ActiveCfg = Release|Any CPU
		{0CBBE85D-3880-48F6-9B17-F299AFE87ED4}.Release|x86.Build.0 = Release|Any CPU
		{1F018EB2-E958-4969-A482-004C40948A9E}.Debug|Any CPU.ActiveCfg = Debug|Any CPU
		{1F018EB2-E958-4969-A482-004C40948A9E}.Debug|Any CPU.Build.0 = Debug|Any CPU
		{1F018EB2-E958-4969-A482-004C40948A9E}.Debug|x64.ActiveCfg = Debug|Any CPU
		{1F018EB2-E958-4969-A482-004C40948A9E}.Debug|x64.Build.0 = Debug|Any CPU
		{1F018EB2-E958-4969-A482-004C40948A9E}.Debug|x86.ActiveCfg = Debug|Any CPU
		{1F018EB2-E958-4969-A482-004C40948A9E}.Debug|x86.Build.0 = Debug|Any CPU
		{1F018EB2-E958-4969-A482-004C40948A9E}.Release|Any CPU.ActiveCfg = Release|Any CPU
		{1F018EB2-E958-4969-A482-004C40948A9E}.Release|Any CPU.Build.0 = Release|Any CPU
		{1F018EB2-E958-4969-A482-004C40948A9E}.Release|x64.ActiveCfg = Release|Any CPU
		{1F018EB2-E958-4969-A482-004C40948A9E}.Release|x64.Build.0 = Release|Any CPU
		{1F018EB2-E958-4969-A482-004C40948A9E}.Release|x86.ActiveCfg = Release|Any CPU
		{1F018EB2-E958-4969-A482-004C40948A9E}.Release|x86.Build.0 = Release|Any CPU
		{DF74E0E7-B061-403D-92AC-6904880ECCE3}.Debug|Any CPU.ActiveCfg = Debug|Any CPU
		{DF74E0E7-B061-403D-92AC-6904880ECCE3}.Debug|Any CPU.Build.0 = Debug|Any CPU
		{DF74E0E7-B061-403D-92AC-6904880ECCE3}.Debug|x64.ActiveCfg = Debug|Any CPU
		{DF74E0E7-B061-403D-92AC-6904880ECCE3}.Debug|x64.Build.0 = Debug|Any CPU
		{DF74E0E7-B061-403D-92AC-6904880ECCE3}.Debug|x86.ActiveCfg = Debug|Any CPU
		{DF74E0E7-B061-403D-92AC-6904880ECCE3}.Debug|x86.Build.0 = Debug|Any CPU
		{DF74E0E7-B061-403D-92AC-6904880ECCE3}.Release|Any CPU.ActiveCfg = Release|Any CPU
		{DF74E0E7-B061-403D-92AC-6904880ECCE3}.Release|Any CPU.Build.0 = Release|Any CPU
		{DF74E0E7-B061-403D-92AC-6904880ECCE3}.Release|x64.ActiveCfg = Release|Any CPU
		{DF74E0E7-B061-403D-92AC-6904880ECCE3}.Release|x64.Build.0 = Release|Any CPU
		{DF74E0E7-B061-403D-92AC-6904880ECCE3}.Release|x86.ActiveCfg = Release|Any CPU
		{DF74E0E7-B061-403D-92AC-6904880ECCE3}.Release|x86.Build.0 = Release|Any CPU
		{02549F21-65A1-49FB-AF4E-5DB8B019F454}.Debug|Any CPU.ActiveCfg = Debug|Any CPU
		{02549F21-65A1-49FB-AF4E-5DB8B019F454}.Debug|Any CPU.Build.0 = Debug|Any CPU
		{02549F21-65A1-49FB-AF4E-5DB8B019F454}.Debug|x64.ActiveCfg = Debug|Any CPU
		{02549F21-65A1-49FB-AF4E-5DB8B019F454}.Debug|x64.Build.0 = Debug|Any CPU
		{02549F21-65A1-49FB-AF4E-5DB8B019F454}.Debug|x86.ActiveCfg = Debug|Any CPU
		{02549F21-65A1-49FB-AF4E-5DB8B019F454}.Debug|x86.Build.0 = Debug|Any CPU
		{02549F21-65A1-49FB-AF4E-5DB8B019F454}.Release|Any CPU.ActiveCfg = Release|Any CPU
		{02549F21-65A1-49FB-AF4E-5DB8B019F454}.Release|Any CPU.Build.0 = Release|Any CPU
		{02549F21-65A1-49FB-AF4E-5DB8B019F454}.Release|x64.ActiveCfg = Release|Any CPU
		{02549F21-65A1-49FB-AF4E-5DB8B019F454}.Release|x64.Build.0 = Release|Any CPU
		{02549F21-65A1-49FB-AF4E-5DB8B019F454}.Release|x86.ActiveCfg = Release|Any CPU
		{02549F21-65A1-49FB-AF4E-5DB8B019F454}.Release|x86.Build.0 = Release|Any CPU
		{37CD81C8-63F5-48D3-856C-A7A38C5857F8}.Debug|Any CPU.ActiveCfg = Debug|Any CPU
		{37CD81C8-63F5-48D3-856C-A7A38C5857F8}.Debug|Any CPU.Build.0 = Debug|Any CPU
		{37CD81C8-63F5-48D3-856C-A7A38C5857F8}.Debug|x64.ActiveCfg = Debug|Any CPU
		{37CD81C8-63F5-48D3-856C-A7A38C5857F8}.Debug|x64.Build.0 = Debug|Any CPU
		{37CD81C8-63F5-48D3-856C-A7A38C5857F8}.Debug|x86.ActiveCfg = Debug|Any CPU
		{37CD81C8-63F5-48D3-856C-A7A38C5857F8}.Debug|x86.Build.0 = Debug|Any CPU
		{37CD81C8-63F5-48D3-856C-A7A38C5857F8}.Release|Any CPU.ActiveCfg = Release|Any CPU
		{37CD81C8-63F5-48D3-856C-A7A38C5857F8}.Release|Any CPU.Build.0 = Release|Any CPU
		{37CD81C8-63F5-48D3-856C-A7A38C5857F8}.Release|x64.ActiveCfg = Release|Any CPU
		{37CD81C8-63F5-48D3-856C-A7A38C5857F8}.Release|x64.Build.0 = Release|Any CPU
		{37CD81C8-63F5-48D3-856C-A7A38C5857F8}.Release|x86.ActiveCfg = Release|Any CPU
		{37CD81C8-63F5-48D3-856C-A7A38C5857F8}.Release|x86.Build.0 = Release|Any CPU
	EndGlobalSection
	GlobalSection(SolutionProperties) = preSolution
		HideSolutionNode = FALSE
	EndGlobalSection
	GlobalSection(NestedProjects) = preSolution
		{18742AF9-1F6F-4B29-AF6F-46EE49B11CD8} = {C44FF661-268A-4A9A-A344-88BF2E2C67DF}
		{DD953FCB-7E6D-46E6-9E33-D23F8D488DE6} = {E8905E3B-4D13-4147-9B83-F3AD095F1906}
		{A3AAD84A-D5DB-46BF-90B8-C289F066D590} = {E8905E3B-4D13-4147-9B83-F3AD095F1906}
		{7792DFDF-03F5-4017-9B35-25093E3C3A3F} = {C44FF661-268A-4A9A-A344-88BF2E2C67DF}
		{1F20905F-8176-4189-9FAB-0806BE1D271B} = {94EFE7F8-3862-4860-9251-30D9FD17E6D9}
		{8CAB7870-5AE0-4F5B-B83E-ECF5BC84F106} = {94EFE7F8-3862-4860-9251-30D9FD17E6D9}
		{A1330A58-6C7F-4E0D-B3F1-34F192BFF355} = {3D90DDB0-9EB1-4E46-8374-8E99539F01F8}
		{BD5927C5-9DDD-4947-AC94-6404AFCE5228} = {C42C2C3B-83C7-46C8-8D31-68ED0FAEFFBE}
		{BA050C24-03F6-46A3-9120-5D1B8DA982AF} = {B2E93407-CB67-4B68-ABC4-7E324A890B48}
		{B663E308-EF82-4611-AF94-0223595BADA3} = {B2E93407-CB67-4B68-ABC4-7E324A890B48}
		{982F05B2-D49F-49A9-B0F8-E738A6B9CFBA} = {B2E93407-CB67-4B68-ABC4-7E324A890B48}
		{AFBF29EB-041C-44EC-942E-C921F1B8FCA9} = {B2E93407-CB67-4B68-ABC4-7E324A890B48}
		{94EE804F-44A3-4CF0-936C-45296AED6876} = {B2E93407-CB67-4B68-ABC4-7E324A890B48}
		{402A8C7C-1029-4661-92E9-8BD806347837} = {B2E93407-CB67-4B68-ABC4-7E324A890B48}
		{9E724A4E-3F55-4000-9934-804FAB5769AD} = {B2E93407-CB67-4B68-ABC4-7E324A890B48}
		{2EF6FFD2-076B-4A8E-AF6D-AB4BF012AB1A} = {C42C2C3B-83C7-46C8-8D31-68ED0FAEFFBE}
		{F289D78F-8E23-4944-9F48-01E38E2463A1} = {B2E93407-CB67-4B68-ABC4-7E324A890B48}
		{FA3E96A2-64E5-433E-9DF9-39749909983B} = {B2E93407-CB67-4B68-ABC4-7E324A890B48}
		{6976E63D-36F3-4F85-97B4-A0BA33988A09} = {C42C2C3B-83C7-46C8-8D31-68ED0FAEFFBE}
		{AF00EA21-0F79-4416-A081-AD92F32B640F} = {B2E93407-CB67-4B68-ABC4-7E324A890B48}
		{3400D6E9-4CAD-494F-8DA4-2BFE7619432D} = {B2E93407-CB67-4B68-ABC4-7E324A890B48}
		{AE27DC41-82BB-4972-860D-2C2E2784190B} = {C42C2C3B-83C7-46C8-8D31-68ED0FAEFFBE}
		{CAB1D83C-44A4-4F67-9ECC-241026387BC1} = {B2E93407-CB67-4B68-ABC4-7E324A890B48}
		{CEB3D99F-4012-499E-AF23-88E8BFAF7BA2} = {C42C2C3B-83C7-46C8-8D31-68ED0FAEFFBE}
		{4E1F77B9-604D-4850-B776-8D36B0FE3536} = {94EFE7F8-3862-4860-9251-30D9FD17E6D9}
		{5FE3C8AC-CF8A-438A-BAAA-2743DBE6AB2C} = {B2E93407-CB67-4B68-ABC4-7E324A890B48}
		{82BE1A51-61CF-4E03-AA71-DCD1B5BD6C5F} = {B2E93407-CB67-4B68-ABC4-7E324A890B48}
		{32F937DE-74D0-45A5-B7CB-319D9168E4BA} = {B2E93407-CB67-4B68-ABC4-7E324A890B48}
		{3AD317E1-DFEF-4B54-871E-F7E395BC97CA} = {B2E93407-CB67-4B68-ABC4-7E324A890B48}
		{BC366007-5810-498A-807C-249C4AF4E96D} = {B2E93407-CB67-4B68-ABC4-7E324A890B48}
		{AB47AD22-4872-4A8C-875B-89A18A79C54D} = {B2E93407-CB67-4B68-ABC4-7E324A890B48}
		{F2DFB7F8-F8B3-4E95-8965-77385001D240} = {B2E93407-CB67-4B68-ABC4-7E324A890B48}
		{BE480696-BFBF-4FC0-BE50-133A0CA92D50} = {C42C2C3B-83C7-46C8-8D31-68ED0FAEFFBE}
		{C79D2AD0-CB59-4776-B9A3-5B40C21FC6C3} = {B2E93407-CB67-4B68-ABC4-7E324A890B48}
		{556C580E-2B9D-44BE-BBF5-09A16C77CDA4} = {B2E93407-CB67-4B68-ABC4-7E324A890B48}
		{3881991D-9640-426B-936A-F8DC6E086F0A} = {B2E93407-CB67-4B68-ABC4-7E324A890B48}
		{A385A398-4EAF-422B-97B7-3F32E5ACC1DB} = {C42C2C3B-83C7-46C8-8D31-68ED0FAEFFBE}
		{22373B41-21E9-4F88-A512-30D6BFFA546A} = {B2E93407-CB67-4B68-ABC4-7E324A890B48}
		{0CBBE85D-3880-48F6-9B17-F299AFE87ED4} = {C42C2C3B-83C7-46C8-8D31-68ED0FAEFFBE}
		{1F018EB2-E958-4969-A482-004C40948A9E} = {B2E93407-CB67-4B68-ABC4-7E324A890B48}
		{DF74E0E7-B061-403D-92AC-6904880ECCE3} = {B2E93407-CB67-4B68-ABC4-7E324A890B48}
		{02549F21-65A1-49FB-AF4E-5DB8B019F454} = {B2E93407-CB67-4B68-ABC4-7E324A890B48}
		{37CD81C8-63F5-48D3-856C-A7A38C5857F8} = {B2E93407-CB67-4B68-ABC4-7E324A890B48}
	EndGlobalSection
	GlobalSection(ExtensibilityGlobals) = postSolution
		SolutionGuid = {D1EE7F1B-E679-46ED-A2C1-4BF817965B8B}
	EndGlobalSection
EndGlobal
