
Microsoft Visual Studio Solution File, Format Version 12.00
# Visual Studio Version 17
VisualStudioVersion = 17.1.32113.165
MinimumVisualStudioVersion = 10.0.40219.1
Project("{FAE04EC0-301F-11D3-BF4B-00C04F79EFBC}") = "WpfChartTest", "WpfChartTest.csproj", "{C4114399-7222-4455-84A7-0E6FEA5D067C}"
EndProject
Global
	GlobalSection(SolutionConfigurationPlatforms) = preSolution
		Debug|Any CPU = Debug|Any CPU
		Release|Any CPU = Release|Any CPU
	EndGlobalSection
	GlobalSection(ProjectConfigurationPlatforms) = postSolution
		{C4114399-7222-4455-84A7-0E6FEA5D067C}.Debug|Any CPU.ActiveCfg = Debug|Any CPU
		{C4114399-7222-4455-84A7-0E6FEA5D067C}.Debug|Any CPU.Build.0 = Debug|Any CPU
		{C4114399-7222-4455-84A7-0E6FEA5D067C}.Release|Any CPU.ActiveCfg = Release|Any CPU
		{C4114399-7222-4455-84A7-0E6FEA5D067C}.Release|Any CPU.Build.0 = Release|Any CPU
	EndGlobalSection
	GlobalSection(SolutionProperties) = preSolution
		HideSolutionNode = FALSE
	EndGlobalSection
	GlobalSection(ExtensibilityGlobals) = postSolution
		SolutionGuid = {ED8EEB53-E28B-475C-9143-870FB41502E8}
	EndGlobalSection
EndGlobal
